
Microsoft Visual Studio Solution File, Format Version 12.00
# Visual Studio Version 17
VisualStudioVersion = 17.5.33530.505
MinimumVisualStudioVersion = 10.0.40219.1
Project("{FAE04EC0-301F-11D3-BF4B-00C04F79EFBC}") = "ASEProject", "ASEProject.csproj", "{9A1DC358-0109-43BC-AD0A-C27819E2CE12}"
EndProject
Project("{FAE04EC0-301F-11D3-BF4B-00C04F79EFBC}") = "AESProjectTests", "..\AESProjectTests\AESProjectTests.csproj", "{09CC6696-3671-42DF-BDAE-9FF927E88FC2}"
EndProject
Global
	GlobalSection(SolutionConfigurationPlatforms) = preSolution
		Debug|Any CPU = Debug|Any CPU
		Release|Any CPU = Release|Any CPU
	EndGlobalSection
	GlobalSection(ProjectConfigurationPlatforms) = postSolution
		{9A1DC358-0109-43BC-AD0A-C27819E2CE12}.Debug|Any CPU.ActiveCfg = Debug|Any CPU
		{9A1DC358-0109-43BC-AD0A-C27819E2CE12}.Debug|Any CPU.Build.0 = Debug|Any CPU
		{9A1DC358-0109-43BC-AD0A-C27819E2CE12}.Release|Any CPU.ActiveCfg = Release|Any CPU
		{9A1DC358-0109-43BC-AD0A-C27819E2CE12}.Release|Any CPU.Build.0 = Release|Any CPU
		{09CC6696-3671-42DF-BDAE-9FF927E88FC2}.Debug|Any CPU.ActiveCfg = Debug|Any CPU
		{09CC6696-3671-42DF-BDAE-9FF927E88FC2}.Debug|Any CPU.Build.0 = Debug|Any CPU
		{09CC6696-3671-42DF-BDAE-9FF927E88FC2}.Release|Any CPU.ActiveCfg = Release|Any CPU
		{09CC6696-3671-42DF-BDAE-9FF927E88FC2}.Release|Any CPU.Build.0 = Release|Any CPU
	EndGlobalSection
	GlobalSection(SolutionProperties) = preSolution
		HideSolutionNode = FALSE
	EndGlobalSection
	GlobalSection(ExtensibilityGlobals) = postSolution
		SolutionGuid = {2B8D7028-73C7-4ED4-A85A-B4DDC9298913}
	EndGlobalSection
EndGlobal
